
Microsoft Visual Studio Solution File, Format Version 12.00
# Visual Studio Version 16
VisualStudioVersion = 16.0.33214.272
MinimumVisualStudioVersion = 10.0.40219.1
Project("{9A19103F-16F7-4668-BE54-9A1E7A4F7556}") = "Gurux.Common", "Gurux.Common.Dev\Gurux.Common.csproj", "{86177A65-170A-4C65-A130-4B5274AE19FE}"
EndProject
Project("{9A19103F-16F7-4668-BE54-9A1E7A4F7556}") = "ZIP.DLMS.Net", "GURUX.DLMS.Net.Dev\ZIP.DLMS.Net.csproj", "{9DAF667E-8C2A-4702-9B9E-E1C67B9E51D9}"
EndProject
Project("{9A19103F-16F7-4668-BE54-9A1E7A4F7556}") = "Gurux.Serial", "Gurux.Serial.Dev\Gurux.Serial.csproj", "{D0F88F57-28C9-4555-A2B6-3F57081A69F4}"
EndProject
Project("{FAE04EC0-301F-11D3-BF4B-00C04F79EFBC}") = "ZIP.DLMS", "ZIP.DLMS\ZIP.DLMS.csproj", "{F9C42603-E9AA-4B06-89A6-62F645C0CA48}"
EndProject
Project("{FAE04EC0-301F-11D3-BF4B-00C04F79EFBC}") = "Ankom.Common", "Ankom.Common\Ankom.Common\Ankom.Common.csproj", "{A1A336E1-54C8-4CA9-8B43-5DBFB480BDA8}"
EndProject
Project("{9A19103F-16F7-4668-BE54-9A1E7A4F7556}") = "Gurux.Terminal", "Gurux.Terminal.Dev\Gurux.Terminal.csproj", "{EC62BA88-FEB5-496E-8A22-B22588D5461C}"
EndProject
Project("{9A19103F-16F7-4668-BE54-9A1E7A4F7556}") = "Gurux.Net", "Gurux.Net.Dev\Gurux.Net.csproj", "{9FB39C8F-985A-4BE3-A170-958CC31B86B7}"
EndProject
Project("{2150E333-8FDC-42A3-9474-1A3956D46DE8}") = "Solution Items", "Solution Items", "{F56E3C08-BF87-4507-B041-C9A97D49EBB9}"
	ProjectSection(SolutionItems) = preProject
		Help\Helper.docx = Help\Helper.docx
	EndProjectSection
EndProject
Project("{2150E333-8FDC-42A3-9474-1A3956D46DE8}") = "StendProductionPlagin", "StendProductionPlagin", "{A7D414CD-ABC1-4EA4-BF71-672B43F84F9A}"
EndProject
Project("{2150E333-8FDC-42A3-9474-1A3956D46DE8}") = "PluginStends", "PluginStends", "{0AE0CA15-02D1-4F4D-ABB7-7ADF8135A8F4}"
EndProject
Project("{FAE04EC0-301F-11D3-BF4B-00C04F79EFBC}") = "Stend.Production.Calibration", "Stend.Production.Calibration\Stend.Production.Calibration.csproj", "{FA365E0C-D223-406B-B423-D9464F882B04}"
EndProject
Project("{FAE04EC0-301F-11D3-BF4B-00C04F79EFBC}") = "Stend.Production.WriteMasterKey", "Stend.Production.WriteMasterKey\Stend.Production.WriteMasterKey.csproj", "{524C08E6-B9ED-42A6-9499-EB19A71B16E7}"
EndProject
Project("{FAE04EC0-301F-11D3-BF4B-00C04F79EFBC}") = "Stend.Production.FileWrite", "Stend.Production.FileWrite\Stend.Production.FileWrite.csproj", "{EA9077C5-25F5-4CCD-9F78-31077389A368}"
EndProject
Project("{FAE04EC0-301F-11D3-BF4B-00C04F79EFBC}") = "Stend.Production.DevicesCheck", "Stend.Production.DevicesCheck\Stend.Production.DevicesCheck.csproj", "{8D0F75C0-D159-4709-8DF1-E587A1CB7709}"
EndProject
Project("{FAE04EC0-301F-11D3-BF4B-00C04F79EFBC}") = "Stend.Production.Initialization", "Stend.Production.Initialization\Stend.Production.Initialization.csproj", "{CC56C417-9705-4D6E-B460-2D42BFCC2357}"
EndProject
Project("{FAE04EC0-301F-11D3-BF4B-00C04F79EFBC}") = "Stend.Production.Root", "Stend.Production.Root\Stend.Production.Root.csproj", "{9C7EE0B9-54CD-4730-B987-985317E8699D}"
EndProject
Project("{FAE04EC0-301F-11D3-BF4B-00C04F79EFBC}") = "Stend.Pruduction", "Stend.Pruduction\Stend.Pruduction.csproj", "{52EB04A5-9D8F-4A8B-A1CD-86070707899F}"
EndProject
Project("{FAE04EC0-301F-11D3-BF4B-00C04F79EFBC}") = "Stend.Production.Write", "Stend.Production.Write\Stend.Production.Write.csproj", "{9CDB876E-18CD-4AA1-B98D-1AFDFDB24F90}"
EndProject
Project("{FAE04EC0-301F-11D3-BF4B-00C04F79EFBC}") = "Stend.Production.ReadObject", "Stend.Production.ReadObject\Stend.Production.ReadObject.csproj", "{25BB3EC7-CEAC-407C-AECF-8A7EB7086F02}"
EndProject
Project("{FAE04EC0-301F-11D3-BF4B-00C04F79EFBC}") = "Stend.Production.ExecObject", "Stend.Production.ExecObject\Stend.Production.ExecObject.csproj", "{AFFC422E-3E65-45F4-B4D1-DEB4B4A6BABF}"
EndProject
Global
	GlobalSection(SolutionConfigurationPlatforms) = preSolution
		Client Debug|Any CPU = Client Debug|Any CPU
		Client Debug|x64 = Client Debug|x64
		Debug|Any CPU = Debug|Any CPU
		Debug|x64 = Debug|x64
		EasyTest|Any CPU = EasyTest|Any CPU
		EasyTest|x64 = EasyTest|x64
		PRIVATE_LICENCE|Any CPU = PRIVATE_LICENCE|Any CPU
		PRIVATE_LICENCE|x64 = PRIVATE_LICENCE|x64
		Release|Any CPU = Release|Any CPU
		Release|x64 = Release|x64
	EndGlobalSection
	GlobalSection(ProjectConfigurationPlatforms) = postSolution
		{86177A65-170A-4C65-A130-4B5274AE19FE}.Client Debug|Any CPU.ActiveCfg = Debug|Any CPU
		{86177A65-170A-4C65-A130-4B5274AE19FE}.Client Debug|Any CPU.Build.0 = Debug|Any CPU
		{86177A65-170A-4C65-A130-4B5274AE19FE}.Client Debug|x64.ActiveCfg = Debug|Any CPU
		{86177A65-170A-4C65-A130-4B5274AE19FE}.Client Debug|x64.Build.0 = Debug|Any CPU
		{86177A65-170A-4C65-A130-4B5274AE19FE}.Debug|Any CPU.ActiveCfg = Debug|Any CPU
		{86177A65-170A-4C65-A130-4B5274AE19FE}.Debug|Any CPU.Build.0 = Debug|Any CPU
		{86177A65-170A-4C65-A130-4B5274AE19FE}.Debug|x64.ActiveCfg = Debug|Any CPU
		{86177A65-170A-4C65-A130-4B5274AE19FE}.Debug|x64.Build.0 = Debug|Any CPU
		{86177A65-170A-4C65-A130-4B5274AE19FE}.EasyTest|Any CPU.ActiveCfg = Release|Any CPU
		{86177A65-170A-4C65-A130-4B5274AE19FE}.EasyTest|Any CPU.Build.0 = Release|Any CPU
		{86177A65-170A-4C65-A130-4B5274AE19FE}.EasyTest|x64.ActiveCfg = Release|Any CPU
		{86177A65-170A-4C65-A130-4B5274AE19FE}.EasyTest|x64.Build.0 = Release|Any CPU
		{86177A65-170A-4C65-A130-4B5274AE19FE}.PRIVATE_LICENCE|Any CPU.ActiveCfg = Debug|Any CPU
		{86177A65-170A-4C65-A130-4B5274AE19FE}.PRIVATE_LICENCE|Any CPU.Build.0 = Debug|Any CPU
		{86177A65-170A-4C65-A130-4B5274AE19FE}.PRIVATE_LICENCE|x64.ActiveCfg = Debug|Any CPU
		{86177A65-170A-4C65-A130-4B5274AE19FE}.PRIVATE_LICENCE|x64.Build.0 = Debug|Any CPU
		{86177A65-170A-4C65-A130-4B5274AE19FE}.Release|Any CPU.ActiveCfg = Release|Any CPU
		{86177A65-170A-4C65-A130-4B5274AE19FE}.Release|Any CPU.Build.0 = Release|Any CPU
		{86177A65-170A-4C65-A130-4B5274AE19FE}.Release|x64.ActiveCfg = Release|Any CPU
		{86177A65-170A-4C65-A130-4B5274AE19FE}.Release|x64.Build.0 = Release|Any CPU
		{9DAF667E-8C2A-4702-9B9E-E1C67B9E51D9}.Client Debug|Any CPU.ActiveCfg = Debug|Any CPU
		{9DAF667E-8C2A-4702-9B9E-E1C67B9E51D9}.Client Debug|Any CPU.Build.0 = Debug|Any CPU
		{9DAF667E-8C2A-4702-9B9E-E1C67B9E51D9}.Client Debug|x64.ActiveCfg = Debug|Any CPU
		{9DAF667E-8C2A-4702-9B9E-E1C67B9E51D9}.Client Debug|x64.Build.0 = Debug|Any CPU
		{9DAF667E-8C2A-4702-9B9E-E1C67B9E51D9}.Debug|Any CPU.ActiveCfg = Debug|Any CPU
		{9DAF667E-8C2A-4702-9B9E-E1C67B9E51D9}.Debug|Any CPU.Build.0 = Debug|Any CPU
		{9DAF667E-8C2A-4702-9B9E-E1C67B9E51D9}.Debug|x64.ActiveCfg = Debug|Any CPU
		{9DAF667E-8C2A-4702-9B9E-E1C67B9E51D9}.Debug|x64.Build.0 = Debug|Any CPU
		{9DAF667E-8C2A-4702-9B9E-E1C67B9E51D9}.EasyTest|Any CPU.ActiveCfg = Release|Any CPU
		{9DAF667E-8C2A-4702-9B9E-E1C67B9E51D9}.EasyTest|Any CPU.Build.0 = Release|Any CPU
		{9DAF667E-8C2A-4702-9B9E-E1C67B9E51D9}.EasyTest|x64.ActiveCfg = Release|Any CPU
		{9DAF667E-8C2A-4702-9B9E-E1C67B9E51D9}.EasyTest|x64.Build.0 = Release|Any CPU
		{9DAF667E-8C2A-4702-9B9E-E1C67B9E51D9}.PRIVATE_LICENCE|Any CPU.ActiveCfg = Debug|Any CPU
		{9DAF667E-8C2A-4702-9B9E-E1C67B9E51D9}.PRIVATE_LICENCE|Any CPU.Build.0 = Debug|Any CPU
		{9DAF667E-8C2A-4702-9B9E-E1C67B9E51D9}.PRIVATE_LICENCE|x64.ActiveCfg = Debug|Any CPU
		{9DAF667E-8C2A-4702-9B9E-E1C67B9E51D9}.PRIVATE_LICENCE|x64.Build.0 = Debug|Any CPU
		{9DAF667E-8C2A-4702-9B9E-E1C67B9E51D9}.Release|Any CPU.ActiveCfg = Release|Any CPU
		{9DAF667E-8C2A-4702-9B9E-E1C67B9E51D9}.Release|Any CPU.Build.0 = Release|Any CPU
		{9DAF667E-8C2A-4702-9B9E-E1C67B9E51D9}.Release|x64.ActiveCfg = Release|Any CPU
		{9DAF667E-8C2A-4702-9B9E-E1C67B9E51D9}.Release|x64.Build.0 = Release|Any CPU
		{D0F88F57-28C9-4555-A2B6-3F57081A69F4}.Client Debug|Any CPU.ActiveCfg = Debug|Any CPU
		{D0F88F57-28C9-4555-A2B6-3F57081A69F4}.Client Debug|Any CPU.Build.0 = Debug|Any CPU
		{D0F88F57-28C9-4555-A2B6-3F57081A69F4}.Client Debug|x64.ActiveCfg = Debug|Any CPU
		{D0F88F57-28C9-4555-A2B6-3F57081A69F4}.Client Debug|x64.Build.0 = Debug|Any CPU
		{D0F88F57-28C9-4555-A2B6-3F57081A69F4}.Debug|Any CPU.ActiveCfg = Debug|Any CPU
		{D0F88F57-28C9-4555-A2B6-3F57081A69F4}.Debug|Any CPU.Build.0 = Debug|Any CPU
		{D0F88F57-28C9-4555-A2B6-3F57081A69F4}.Debug|x64.ActiveCfg = Debug|Any CPU
		{D0F88F57-28C9-4555-A2B6-3F57081A69F4}.Debug|x64.Build.0 = Debug|Any CPU
		{D0F88F57-28C9-4555-A2B6-3F57081A69F4}.EasyTest|Any CPU.ActiveCfg = Release|Any CPU
		{D0F88F57-28C9-4555-A2B6-3F57081A69F4}.EasyTest|Any CPU.Build.0 = Release|Any CPU
		{D0F88F57-28C9-4555-A2B6-3F57081A69F4}.EasyTest|x64.ActiveCfg = Release|Any CPU
		{D0F88F57-28C9-4555-A2B6-3F57081A69F4}.EasyTest|x64.Build.0 = Release|Any CPU
		{D0F88F57-28C9-4555-A2B6-3F57081A69F4}.PRIVATE_LICENCE|Any CPU.ActiveCfg = Debug|Any CPU
		{D0F88F57-28C9-4555-A2B6-3F57081A69F4}.PRIVATE_LICENCE|Any CPU.Build.0 = Debug|Any CPU
		{D0F88F57-28C9-4555-A2B6-3F57081A69F4}.PRIVATE_LICENCE|x64.ActiveCfg = Debug|Any CPU
		{D0F88F57-28C9-4555-A2B6-3F57081A69F4}.PRIVATE_LICENCE|x64.Build.0 = Debug|Any CPU
		{D0F88F57-28C9-4555-A2B6-3F57081A69F4}.Release|Any CPU.ActiveCfg = Release|Any CPU
		{D0F88F57-28C9-4555-A2B6-3F57081A69F4}.Release|Any CPU.Build.0 = Release|Any CPU
		{D0F88F57-28C9-4555-A2B6-3F57081A69F4}.Release|x64.ActiveCfg = Release|Any CPU
		{D0F88F57-28C9-4555-A2B6-3F57081A69F4}.Release|x64.Build.0 = Release|Any CPU
		{F9C42603-E9AA-4B06-89A6-62F645C0CA48}.Client Debug|Any CPU.ActiveCfg = Debug|Any CPU
		{F9C42603-E9AA-4B06-89A6-62F645C0CA48}.Client Debug|Any CPU.Build.0 = Debug|Any CPU
		{F9C42603-E9AA-4B06-89A6-62F645C0CA48}.Client Debug|x64.ActiveCfg = Debug|Any CPU
		{F9C42603-E9AA-4B06-89A6-62F645C0CA48}.Client Debug|x64.Build.0 = Debug|Any CPU
		{F9C42603-E9AA-4B06-89A6-62F645C0CA48}.Debug|Any CPU.ActiveCfg = Debug|Any CPU
		{F9C42603-E9AA-4B06-89A6-62F645C0CA48}.Debug|Any CPU.Build.0 = Debug|Any CPU
		{F9C42603-E9AA-4B06-89A6-62F645C0CA48}.Debug|x64.ActiveCfg = Debug|Any CPU
		{F9C42603-E9AA-4B06-89A6-62F645C0CA48}.Debug|x64.Build.0 = Debug|Any CPU
		{F9C42603-E9AA-4B06-89A6-62F645C0CA48}.EasyTest|Any CPU.ActiveCfg = Release|Any CPU
		{F9C42603-E9AA-4B06-89A6-62F645C0CA48}.EasyTest|Any CPU.Build.0 = Release|Any CPU
		{F9C42603-E9AA-4B06-89A6-62F645C0CA48}.EasyTest|x64.ActiveCfg = Release|Any CPU
		{F9C42603-E9AA-4B06-89A6-62F645C0CA48}.EasyTest|x64.Build.0 = Release|Any CPU
		{F9C42603-E9AA-4B06-89A6-62F645C0CA48}.PRIVATE_LICENCE|Any CPU.ActiveCfg = Debug|Any CPU
		{F9C42603-E9AA-4B06-89A6-62F645C0CA48}.PRIVATE_LICENCE|Any CPU.Build.0 = Debug|Any CPU
		{F9C42603-E9AA-4B06-89A6-62F645C0CA48}.PRIVATE_LICENCE|x64.ActiveCfg = Debug|Any CPU
		{F9C42603-E9AA-4B06-89A6-62F645C0CA48}.PRIVATE_LICENCE|x64.Build.0 = Debug|Any CPU
		{F9C42603-E9AA-4B06-89A6-62F645C0CA48}.Release|Any CPU.ActiveCfg = Release|Any CPU
		{F9C42603-E9AA-4B06-89A6-62F645C0CA48}.Release|Any CPU.Build.0 = Release|Any CPU
		{F9C42603-E9AA-4B06-89A6-62F645C0CA48}.Release|x64.ActiveCfg = Release|Any CPU
		{F9C42603-E9AA-4B06-89A6-62F645C0CA48}.Release|x64.Build.0 = Release|Any CPU
		{A1A336E1-54C8-4CA9-8B43-5DBFB480BDA8}.Client Debug|Any CPU.ActiveCfg = Client Debug|Any CPU
		{A1A336E1-54C8-4CA9-8B43-5DBFB480BDA8}.Client Debug|Any CPU.Build.0 = Client Debug|Any CPU
		{A1A336E1-54C8-4CA9-8B43-5DBFB480BDA8}.Client Debug|x64.ActiveCfg = Client Debug|x64
		{A1A336E1-54C8-4CA9-8B43-5DBFB480BDA8}.Client Debug|x64.Build.0 = Client Debug|x64
		{A1A336E1-54C8-4CA9-8B43-5DBFB480BDA8}.Debug|Any CPU.ActiveCfg = Debug|Any CPU
		{A1A336E1-54C8-4CA9-8B43-5DBFB480BDA8}.Debug|Any CPU.Build.0 = Debug|Any CPU
		{A1A336E1-54C8-4CA9-8B43-5DBFB480BDA8}.Debug|x64.ActiveCfg = Debug|x64
		{A1A336E1-54C8-4CA9-8B43-5DBFB480BDA8}.Debug|x64.Build.0 = Debug|x64
		{A1A336E1-54C8-4CA9-8B43-5DBFB480BDA8}.EasyTest|Any CPU.ActiveCfg = Release|Any CPU
		{A1A336E1-54C8-4CA9-8B43-5DBFB480BDA8}.EasyTest|Any CPU.Build.0 = Release|Any CPU
		{A1A336E1-54C8-4CA9-8B43-5DBFB480BDA8}.EasyTest|x64.ActiveCfg = Release|x64
		{A1A336E1-54C8-4CA9-8B43-5DBFB480BDA8}.EasyTest|x64.Build.0 = Release|x64
		{A1A336E1-54C8-4CA9-8B43-5DBFB480BDA8}.PRIVATE_LICENCE|Any CPU.ActiveCfg = PRIVATE_LICENCE|Any CPU
		{A1A336E1-54C8-4CA9-8B43-5DBFB480BDA8}.PRIVATE_LICENCE|Any CPU.Build.0 = PRIVATE_LICENCE|Any CPU
		{A1A336E1-54C8-4CA9-8B43-5DBFB480BDA8}.PRIVATE_LICENCE|x64.ActiveCfg = PRIVATE_LICENCE|x64
		{A1A336E1-54C8-4CA9-8B43-5DBFB480BDA8}.PRIVATE_LICENCE|x64.Build.0 = PRIVATE_LICENCE|x64
		{A1A336E1-54C8-4CA9-8B43-5DBFB480BDA8}.Release|Any CPU.ActiveCfg = Release|Any CPU
		{A1A336E1-54C8-4CA9-8B43-5DBFB480BDA8}.Release|Any CPU.Build.0 = Release|Any CPU
		{A1A336E1-54C8-4CA9-8B43-5DBFB480BDA8}.Release|x64.ActiveCfg = Release|x64
		{A1A336E1-54C8-4CA9-8B43-5DBFB480BDA8}.Release|x64.Build.0 = Release|x64
		{EC62BA88-FEB5-496E-8A22-B22588D5461C}.Client Debug|Any CPU.ActiveCfg = Debug|Any CPU
		{EC62BA88-FEB5-496E-8A22-B22588D5461C}.Client Debug|Any CPU.Build.0 = Debug|Any CPU
		{EC62BA88-FEB5-496E-8A22-B22588D5461C}.Client Debug|x64.ActiveCfg = Debug|Any CPU
		{EC62BA88-FEB5-496E-8A22-B22588D5461C}.Client Debug|x64.Build.0 = Debug|Any CPU
		{EC62BA88-FEB5-496E-8A22-B22588D5461C}.Debug|Any CPU.ActiveCfg = Debug|Any CPU
		{EC62BA88-FEB5-496E-8A22-B22588D5461C}.Debug|Any CPU.Build.0 = Debug|Any CPU
		{EC62BA88-FEB5-496E-8A22-B22588D5461C}.Debug|x64.ActiveCfg = Debug|Any CPU
		{EC62BA88-FEB5-496E-8A22-B22588D5461C}.Debug|x64.Build.0 = Debug|Any CPU
		{EC62BA88-FEB5-496E-8A22-B22588D5461C}.EasyTest|Any CPU.ActiveCfg = Release|Any CPU
		{EC62BA88-FEB5-496E-8A22-B22588D5461C}.EasyTest|Any CPU.Build.0 = Release|Any CPU
		{EC62BA88-FEB5-496E-8A22-B22588D5461C}.EasyTest|x64.ActiveCfg = Release|Any CPU
		{EC62BA88-FEB5-496E-8A22-B22588D5461C}.EasyTest|x64.Build.0 = Release|Any CPU
		{EC62BA88-FEB5-496E-8A22-B22588D5461C}.PRIVATE_LICENCE|Any CPU.ActiveCfg = Debug|Any CPU
		{EC62BA88-FEB5-496E-8A22-B22588D5461C}.PRIVATE_LICENCE|Any CPU.Build.0 = Debug|Any CPU
		{EC62BA88-FEB5-496E-8A22-B22588D5461C}.PRIVATE_LICENCE|x64.ActiveCfg = Debug|Any CPU
		{EC62BA88-FEB5-496E-8A22-B22588D5461C}.PRIVATE_LICENCE|x64.Build.0 = Debug|Any CPU
		{EC62BA88-FEB5-496E-8A22-B22588D5461C}.Release|Any CPU.ActiveCfg = Release|Any CPU
		{EC62BA88-FEB5-496E-8A22-B22588D5461C}.Release|Any CPU.Build.0 = Release|Any CPU
		{EC62BA88-FEB5-496E-8A22-B22588D5461C}.Release|x64.ActiveCfg = Release|Any CPU
		{EC62BA88-FEB5-496E-8A22-B22588D5461C}.Release|x64.Build.0 = Release|Any CPU
		{9FB39C8F-985A-4BE3-A170-958CC31B86B7}.Client Debug|Any CPU.ActiveCfg = Debug|Any CPU
		{9FB39C8F-985A-4BE3-A170-958CC31B86B7}.Client Debug|Any CPU.Build.0 = Debug|Any CPU
		{9FB39C8F-985A-4BE3-A170-958CC31B86B7}.Client Debug|x64.ActiveCfg = Debug|Any CPU
		{9FB39C8F-985A-4BE3-A170-958CC31B86B7}.Client Debug|x64.Build.0 = Debug|Any CPU
		{9FB39C8F-985A-4BE3-A170-958CC31B86B7}.Debug|Any CPU.ActiveCfg = Debug|Any CPU
		{9FB39C8F-985A-4BE3-A170-958CC31B86B7}.Debug|Any CPU.Build.0 = Debug|Any CPU
		{9FB39C8F-985A-4BE3-A170-958CC31B86B7}.Debug|x64.ActiveCfg = Debug|Any CPU
		{9FB39C8F-985A-4BE3-A170-958CC31B86B7}.Debug|x64.Build.0 = Debug|Any CPU
		{9FB39C8F-985A-4BE3-A170-958CC31B86B7}.EasyTest|Any CPU.ActiveCfg = Release|Any CPU
		{9FB39C8F-985A-4BE3-A170-958CC31B86B7}.EasyTest|Any CPU.Build.0 = Release|Any CPU
		{9FB39C8F-985A-4BE3-A170-958CC31B86B7}.EasyTest|x64.ActiveCfg = Release|Any CPU
		{9FB39C8F-985A-4BE3-A170-958CC31B86B7}.EasyTest|x64.Build.0 = Release|Any CPU
		{9FB39C8F-985A-4BE3-A170-958CC31B86B7}.PRIVATE_LICENCE|Any CPU.ActiveCfg = Debug|Any CPU
		{9FB39C8F-985A-4BE3-A170-958CC31B86B7}.PRIVATE_LICENCE|Any CPU.Build.0 = Debug|Any CPU
		{9FB39C8F-985A-4BE3-A170-958CC31B86B7}.PRIVATE_LICENCE|x64.ActiveCfg = Debug|Any CPU
		{9FB39C8F-985A-4BE3-A170-958CC31B86B7}.PRIVATE_LICENCE|x64.Build.0 = Debug|Any CPU
		{9FB39C8F-985A-4BE3-A170-958CC31B86B7}.Release|Any CPU.ActiveCfg = Release|Any CPU
		{9FB39C8F-985A-4BE3-A170-958CC31B86B7}.Release|Any CPU.Build.0 = Release|Any CPU
		{9FB39C8F-985A-4BE3-A170-958CC31B86B7}.Release|x64.ActiveCfg = Release|Any CPU
		{9FB39C8F-985A-4BE3-A170-958CC31B86B7}.Release|x64.Build.0 = Release|Any CPU
		{FA365E0C-D223-406B-B423-D9464F882B04}.Client Debug|Any CPU.ActiveCfg = Debug|Any CPU
		{FA365E0C-D223-406B-B423-D9464F882B04}.Client Debug|Any CPU.Build.0 = Debug|Any CPU
		{FA365E0C-D223-406B-B423-D9464F882B04}.Client Debug|x64.ActiveCfg = Debug|Any CPU
		{FA365E0C-D223-406B-B423-D9464F882B04}.Client Debug|x64.Build.0 = Debug|Any CPU
		{FA365E0C-D223-406B-B423-D9464F882B04}.Debug|Any CPU.ActiveCfg = Debug|Any CPU
		{FA365E0C-D223-406B-B423-D9464F882B04}.Debug|Any CPU.Build.0 = Debug|Any CPU
		{FA365E0C-D223-406B-B423-D9464F882B04}.Debug|x64.ActiveCfg = Debug|Any CPU
		{FA365E0C-D223-406B-B423-D9464F882B04}.Debug|x64.Build.0 = Debug|Any CPU
		{FA365E0C-D223-406B-B423-D9464F882B04}.EasyTest|Any CPU.ActiveCfg = Debug|Any CPU
		{FA365E0C-D223-406B-B423-D9464F882B04}.EasyTest|Any CPU.Build.0 = Debug|Any CPU
		{FA365E0C-D223-406B-B423-D9464F882B04}.EasyTest|x64.ActiveCfg = Debug|Any CPU
		{FA365E0C-D223-406B-B423-D9464F882B04}.EasyTest|x64.Build.0 = Debug|Any CPU
		{FA365E0C-D223-406B-B423-D9464F882B04}.PRIVATE_LICENCE|Any CPU.ActiveCfg = Debug|Any CPU
		{FA365E0C-D223-406B-B423-D9464F882B04}.PRIVATE_LICENCE|Any CPU.Build.0 = Debug|Any CPU
		{FA365E0C-D223-406B-B423-D9464F882B04}.PRIVATE_LICENCE|x64.ActiveCfg = Debug|Any CPU
		{FA365E0C-D223-406B-B423-D9464F882B04}.PRIVATE_LICENCE|x64.Build.0 = Debug|Any CPU
		{FA365E0C-D223-406B-B423-D9464F882B04}.Release|Any CPU.ActiveCfg = Release|Any CPU
		{FA365E0C-D223-406B-B423-D9464F882B04}.Release|Any CPU.Build.0 = Release|Any CPU
		{FA365E0C-D223-406B-B423-D9464F882B04}.Release|x64.ActiveCfg = Release|Any CPU
		{FA365E0C-D223-406B-B423-D9464F882B04}.Release|x64.Build.0 = Release|Any CPU
		{524C08E6-B9ED-42A6-9499-EB19A71B16E7}.Client Debug|Any CPU.ActiveCfg = Debug|Any CPU
		{524C08E6-B9ED-42A6-9499-EB19A71B16E7}.Client Debug|Any CPU.Build.0 = Debug|Any CPU
		{524C08E6-B9ED-42A6-9499-EB19A71B16E7}.Client Debug|x64.ActiveCfg = Debug|Any CPU
		{524C08E6-B9ED-42A6-9499-EB19A71B16E7}.Client Debug|x64.Build.0 = Debug|Any CPU
		{524C08E6-B9ED-42A6-9499-EB19A71B16E7}.Debug|Any CPU.ActiveCfg = Debug|Any CPU
		{524C08E6-B9ED-42A6-9499-EB19A71B16E7}.Debug|Any CPU.Build.0 = Debug|Any CPU
		{524C08E6-B9ED-42A6-9499-EB19A71B16E7}.Debug|x64.ActiveCfg = Debug|Any CPU
		{524C08E6-B9ED-42A6-9499-EB19A71B16E7}.Debug|x64.Build.0 = Debug|Any CPU
		{524C08E6-B9ED-42A6-9499-EB19A71B16E7}.EasyTest|Any CPU.ActiveCfg = Debug|Any CPU
		{524C08E6-B9ED-42A6-9499-EB19A71B16E7}.EasyTest|Any CPU.Build.0 = Debug|Any CPU
		{524C08E6-B9ED-42A6-9499-EB19A71B16E7}.EasyTest|x64.ActiveCfg = Debug|Any CPU
		{524C08E6-B9ED-42A6-9499-EB19A71B16E7}.EasyTest|x64.Build.0 = Debug|Any CPU
		{524C08E6-B9ED-42A6-9499-EB19A71B16E7}.PRIVATE_LICENCE|Any CPU.ActiveCfg = Debug|Any CPU
		{524C08E6-B9ED-42A6-9499-EB19A71B16E7}.PRIVATE_LICENCE|Any CPU.Build.0 = Debug|Any CPU
		{524C08E6-B9ED-42A6-9499-EB19A71B16E7}.PRIVATE_LICENCE|x64.ActiveCfg = Debug|Any CPU
		{524C08E6-B9ED-42A6-9499-EB19A71B16E7}.PRIVATE_LICENCE|x64.Build.0 = Debug|Any CPU
		{524C08E6-B9ED-42A6-9499-EB19A71B16E7}.Release|Any CPU.ActiveCfg = Release|Any CPU
		{524C08E6-B9ED-42A6-9499-EB19A71B16E7}.Release|Any CPU.Build.0 = Release|Any CPU
		{524C08E6-B9ED-42A6-9499-EB19A71B16E7}.Release|x64.ActiveCfg = Release|Any CPU
		{524C08E6-B9ED-42A6-9499-EB19A71B16E7}.Release|x64.Build.0 = Release|Any CPU
		{EA9077C5-25F5-4CCD-9F78-31077389A368}.Client Debug|Any CPU.ActiveCfg = Debug|Any CPU
		{EA9077C5-25F5-4CCD-9F78-31077389A368}.Client Debug|Any CPU.Build.0 = Debug|Any CPU
		{EA9077C5-25F5-4CCD-9F78-31077389A368}.Client Debug|x64.ActiveCfg = Debug|Any CPU
		{EA9077C5-25F5-4CCD-9F78-31077389A368}.Client Debug|x64.Build.0 = Debug|Any CPU
		{EA9077C5-25F5-4CCD-9F78-31077389A368}.Debug|Any CPU.ActiveCfg = Debug|Any CPU
		{EA9077C5-25F5-4CCD-9F78-31077389A368}.Debug|Any CPU.Build.0 = Debug|Any CPU
		{EA9077C5-25F5-4CCD-9F78-31077389A368}.Debug|x64.ActiveCfg = Debug|Any CPU
		{EA9077C5-25F5-4CCD-9F78-31077389A368}.Debug|x64.Build.0 = Debug|Any CPU
		{EA9077C5-25F5-4CCD-9F78-31077389A368}.EasyTest|Any CPU.ActiveCfg = Debug|Any CPU
		{EA9077C5-25F5-4CCD-9F78-31077389A368}.EasyTest|Any CPU.Build.0 = Debug|Any CPU
		{EA9077C5-25F5-4CCD-9F78-31077389A368}.EasyTest|x64.ActiveCfg = Debug|Any CPU
		{EA9077C5-25F5-4CCD-9F78-31077389A368}.EasyTest|x64.Build.0 = Debug|Any CPU
		{EA9077C5-25F5-4CCD-9F78-31077389A368}.PRIVATE_LICENCE|Any CPU.ActiveCfg = Debug|Any CPU
		{EA9077C5-25F5-4CCD-9F78-31077389A368}.PRIVATE_LICENCE|Any CPU.Build.0 = Debug|Any CPU
		{EA9077C5-25F5-4CCD-9F78-31077389A368}.PRIVATE_LICENCE|x64.ActiveCfg = Debug|Any CPU
		{EA9077C5-25F5-4CCD-9F78-31077389A368}.PRIVATE_LICENCE|x64.Build.0 = Debug|Any CPU
		{EA9077C5-25F5-4CCD-9F78-31077389A368}.Release|Any CPU.ActiveCfg = Release|Any CPU
		{EA9077C5-25F5-4CCD-9F78-31077389A368}.Release|Any CPU.Build.0 = Release|Any CPU
		{EA9077C5-25F5-4CCD-9F78-31077389A368}.Release|x64.ActiveCfg = Release|Any CPU
		{EA9077C5-25F5-4CCD-9F78-31077389A368}.Release|x64.Build.0 = Release|Any CPU
		{8D0F75C0-D159-4709-8DF1-E587A1CB7709}.Client Debug|Any CPU.ActiveCfg = Debug|Any CPU
		{8D0F75C0-D159-4709-8DF1-E587A1CB7709}.Client Debug|Any CPU.Build.0 = Debug|Any CPU
		{8D0F75C0-D159-4709-8DF1-E587A1CB7709}.Client Debug|x64.ActiveCfg = Debug|Any CPU
		{8D0F75C0-D159-4709-8DF1-E587A1CB7709}.Client Debug|x64.Build.0 = Debug|Any CPU
		{8D0F75C0-D159-4709-8DF1-E587A1CB7709}.Debug|Any CPU.ActiveCfg = Debug|Any CPU
		{8D0F75C0-D159-4709-8DF1-E587A1CB7709}.Debug|Any CPU.Build.0 = Debug|Any CPU
		{8D0F75C0-D159-4709-8DF1-E587A1CB7709}.Debug|x64.ActiveCfg = Debug|Any CPU
		{8D0F75C0-D159-4709-8DF1-E587A1CB7709}.Debug|x64.Build.0 = Debug|Any CPU
		{8D0F75C0-D159-4709-8DF1-E587A1CB7709}.EasyTest|Any CPU.ActiveCfg = Debug|Any CPU
		{8D0F75C0-D159-4709-8DF1-E587A1CB7709}.EasyTest|Any CPU.Build.0 = Debug|Any CPU
		{8D0F75C0-D159-4709-8DF1-E587A1CB7709}.EasyTest|x64.ActiveCfg = Debug|Any CPU
		{8D0F75C0-D159-4709-8DF1-E587A1CB7709}.EasyTest|x64.Build.0 = Debug|Any CPU
		{8D0F75C0-D159-4709-8DF1-E587A1CB7709}.PRIVATE_LICENCE|Any CPU.ActiveCfg = Debug|Any CPU
		{8D0F75C0-D159-4709-8DF1-E587A1CB7709}.PRIVATE_LICENCE|Any CPU.Build.0 = Debug|Any CPU
		{8D0F75C0-D159-4709-8DF1-E587A1CB7709}.PRIVATE_LICENCE|x64.ActiveCfg = Debug|Any CPU
		{8D0F75C0-D159-4709-8DF1-E587A1CB7709}.PRIVATE_LICENCE|x64.Build.0 = Debug|Any CPU
		{8D0F75C0-D159-4709-8DF1-E587A1CB7709}.Release|Any CPU.ActiveCfg = Release|Any CPU
		{8D0F75C0-D159-4709-8DF1-E587A1CB7709}.Release|Any CPU.Build.0 = Release|Any CPU
		{8D0F75C0-D159-4709-8DF1-E587A1CB7709}.Release|x64.ActiveCfg = Release|Any CPU
		{8D0F75C0-D159-4709-8DF1-E587A1CB7709}.Release|x64.Build.0 = Release|Any CPU
		{CC56C417-9705-4D6E-B460-2D42BFCC2357}.Client Debug|Any CPU.ActiveCfg = Debug|Any CPU
		{CC56C417-9705-4D6E-B460-2D42BFCC2357}.Client Debug|Any CPU.Build.0 = Debug|Any CPU
		{CC56C417-9705-4D6E-B460-2D42BFCC2357}.Client Debug|x64.ActiveCfg = Debug|Any CPU
		{CC56C417-9705-4D6E-B460-2D42BFCC2357}.Client Debug|x64.Build.0 = Debug|Any CPU
		{CC56C417-9705-4D6E-B460-2D42BFCC2357}.Debug|Any CPU.ActiveCfg = Debug|Any CPU
		{CC56C417-9705-4D6E-B460-2D42BFCC2357}.Debug|Any CPU.Build.0 = Debug|Any CPU
		{CC56C417-9705-4D6E-B460-2D42BFCC2357}.Debug|x64.ActiveCfg = Debug|Any CPU
		{CC56C417-9705-4D6E-B460-2D42BFCC2357}.Debug|x64.Build.0 = Debug|Any CPU
		{CC56C417-9705-4D6E-B460-2D42BFCC2357}.EasyTest|Any CPU.ActiveCfg = Debug|Any CPU
		{CC56C417-9705-4D6E-B460-2D42BFCC2357}.EasyTest|Any CPU.Build.0 = Debug|Any CPU
		{CC56C417-9705-4D6E-B460-2D42BFCC2357}.EasyTest|x64.ActiveCfg = Debug|Any CPU
		{CC56C417-9705-4D6E-B460-2D42BFCC2357}.EasyTest|x64.Build.0 = Debug|Any CPU
		{CC56C417-9705-4D6E-B460-2D42BFCC2357}.PRIVATE_LICENCE|Any CPU.ActiveCfg = Debug|Any CPU
		{CC56C417-9705-4D6E-B460-2D42BFCC2357}.PRIVATE_LICENCE|Any CPU.Build.0 = Debug|Any CPU
		{CC56C417-9705-4D6E-B460-2D42BFCC2357}.PRIVATE_LICENCE|x64.ActiveCfg = Debug|Any CPU
		{CC56C417-9705-4D6E-B460-2D42BFCC2357}.PRIVATE_LICENCE|x64.Build.0 = Debug|Any CPU
		{CC56C417-9705-4D6E-B460-2D42BFCC2357}.Release|Any CPU.ActiveCfg = Release|Any CPU
		{CC56C417-9705-4D6E-B460-2D42BFCC2357}.Release|Any CPU.Build.0 = Release|Any CPU
		{CC56C417-9705-4D6E-B460-2D42BFCC2357}.Release|x64.ActiveCfg = Release|Any CPU
		{CC56C417-9705-4D6E-B460-2D42BFCC2357}.Release|x64.Build.0 = Release|Any CPU
		{9C7EE0B9-54CD-4730-B987-985317E8699D}.Client Debug|Any CPU.ActiveCfg = Debug|Any CPU
		{9C7EE0B9-54CD-4730-B987-985317E8699D}.Client Debug|Any CPU.Build.0 = Debug|Any CPU
		{9C7EE0B9-54CD-4730-B987-985317E8699D}.Client Debug|x64.ActiveCfg = Debug|Any CPU
		{9C7EE0B9-54CD-4730-B987-985317E8699D}.Client Debug|x64.Build.0 = Debug|Any CPU
		{9C7EE0B9-54CD-4730-B987-985317E8699D}.Debug|Any CPU.ActiveCfg = Debug|Any CPU
		{9C7EE0B9-54CD-4730-B987-985317E8699D}.Debug|Any CPU.Build.0 = Debug|Any CPU
		{9C7EE0B9-54CD-4730-B987-985317E8699D}.Debug|x64.ActiveCfg = Debug|Any CPU
		{9C7EE0B9-54CD-4730-B987-985317E8699D}.Debug|x64.Build.0 = Debug|Any CPU
		{9C7EE0B9-54CD-4730-B987-985317E8699D}.EasyTest|Any CPU.ActiveCfg = Debug|Any CPU
		{9C7EE0B9-54CD-4730-B987-985317E8699D}.EasyTest|Any CPU.Build.0 = Debug|Any CPU
		{9C7EE0B9-54CD-4730-B987-985317E8699D}.EasyTest|x64.ActiveCfg = Debug|Any CPU
		{9C7EE0B9-54CD-4730-B987-985317E8699D}.EasyTest|x64.Build.0 = Debug|Any CPU
		{9C7EE0B9-54CD-4730-B987-985317E8699D}.PRIVATE_LICENCE|Any CPU.ActiveCfg = Debug|Any CPU
		{9C7EE0B9-54CD-4730-B987-985317E8699D}.PRIVATE_LICENCE|Any CPU.Build.0 = Debug|Any CPU
		{9C7EE0B9-54CD-4730-B987-985317E8699D}.PRIVATE_LICENCE|x64.ActiveCfg = Debug|Any CPU
		{9C7EE0B9-54CD-4730-B987-985317E8699D}.PRIVATE_LICENCE|x64.Build.0 = Debug|Any CPU
		{9C7EE0B9-54CD-4730-B987-985317E8699D}.Release|Any CPU.ActiveCfg = Release|Any CPU
		{9C7EE0B9-54CD-4730-B987-985317E8699D}.Release|Any CPU.Build.0 = Release|Any CPU
		{9C7EE0B9-54CD-4730-B987-985317E8699D}.Release|x64.ActiveCfg = Release|Any CPU
		{9C7EE0B9-54CD-4730-B987-985317E8699D}.Release|x64.Build.0 = Release|Any CPU
		{52EB04A5-9D8F-4A8B-A1CD-86070707899F}.Client Debug|Any CPU.ActiveCfg = Debug|Any CPU
		{52EB04A5-9D8F-4A8B-A1CD-86070707899F}.Client Debug|Any CPU.Build.0 = Debug|Any CPU
		{52EB04A5-9D8F-4A8B-A1CD-86070707899F}.Client Debug|x64.ActiveCfg = Debug|Any CPU
		{52EB04A5-9D8F-4A8B-A1CD-86070707899F}.Client Debug|x64.Build.0 = Debug|Any CPU
		{52EB04A5-9D8F-4A8B-A1CD-86070707899F}.Debug|Any CPU.ActiveCfg = Debug|Any CPU
		{52EB04A5-9D8F-4A8B-A1CD-86070707899F}.Debug|Any CPU.Build.0 = Debug|Any CPU
		{52EB04A5-9D8F-4A8B-A1CD-86070707899F}.Debug|x64.ActiveCfg = Debug|Any CPU
		{52EB04A5-9D8F-4A8B-A1CD-86070707899F}.Debug|x64.Build.0 = Debug|Any CPU
		{52EB04A5-9D8F-4A8B-A1CD-86070707899F}.EasyTest|Any CPU.ActiveCfg = Debug|Any CPU
		{52EB04A5-9D8F-4A8B-A1CD-86070707899F}.EasyTest|Any CPU.Build.0 = Debug|Any CPU
		{52EB04A5-9D8F-4A8B-A1CD-86070707899F}.EasyTest|x64.ActiveCfg = Debug|Any CPU
		{52EB04A5-9D8F-4A8B-A1CD-86070707899F}.EasyTest|x64.Build.0 = Debug|Any CPU
		{52EB04A5-9D8F-4A8B-A1CD-86070707899F}.PRIVATE_LICENCE|Any CPU.ActiveCfg = Debug|Any CPU
		{52EB04A5-9D8F-4A8B-A1CD-86070707899F}.PRIVATE_LICENCE|Any CPU.Build.0 = Debug|Any CPU
		{52EB04A5-9D8F-4A8B-A1CD-86070707899F}.PRIVATE_LICENCE|x64.ActiveCfg = Debug|Any CPU
		{52EB04A5-9D8F-4A8B-A1CD-86070707899F}.PRIVATE_LICENCE|x64.Build.0 = Debug|Any CPU
		{52EB04A5-9D8F-4A8B-A1CD-86070707899F}.Release|Any CPU.ActiveCfg = Release|Any CPU
		{52EB04A5-9D8F-4A8B-A1CD-86070707899F}.Release|Any CPU.Build.0 = Release|Any CPU
		{52EB04A5-9D8F-4A8B-A1CD-86070707899F}.Release|x64.ActiveCfg = Release|Any CPU
		{52EB04A5-9D8F-4A8B-A1CD-86070707899F}.Release|x64.Build.0 = Release|Any CPU
		{9CDB876E-18CD-4AA1-B98D-1AFDFDB24F90}.Client Debug|Any CPU.ActiveCfg = Debug|Any CPU
		{9CDB876E-18CD-4AA1-B98D-1AFDFDB24F90}.Client Debug|Any CPU.Build.0 = Debug|Any CPU
		{9CDB876E-18CD-4AA1-B98D-1AFDFDB24F90}.Client Debug|x64.ActiveCfg = Debug|Any CPU
		{9CDB876E-18CD-4AA1-B98D-1AFDFDB24F90}.Client Debug|x64.Build.0 = Debug|Any CPU
		{9CDB876E-18CD-4AA1-B98D-1AFDFDB24F90}.Debug|Any CPU.ActiveCfg = Debug|Any CPU
		{9CDB876E-18CD-4AA1-B98D-1AFDFDB24F90}.Debug|Any CPU.Build.0 = Debug|Any CPU
		{9CDB876E-18CD-4AA1-B98D-1AFDFDB24F90}.Debug|x64.ActiveCfg = Debug|Any CPU
		{9CDB876E-18CD-4AA1-B98D-1AFDFDB24F90}.Debug|x64.Build.0 = Debug|Any CPU
		{9CDB876E-18CD-4AA1-B98D-1AFDFDB24F90}.EasyTest|Any CPU.ActiveCfg = Debug|Any CPU
		{9CDB876E-18CD-4AA1-B98D-1AFDFDB24F90}.EasyTest|Any CPU.Build.0 = Debug|Any CPU
		{9CDB876E-18CD-4AA1-B98D-1AFDFDB24F90}.EasyTest|x64.ActiveCfg = Debug|Any CPU
		{9CDB876E-18CD-4AA1-B98D-1AFDFDB24F90}.EasyTest|x64.Build.0 = Debug|Any CPU
		{9CDB876E-18CD-4AA1-B98D-1AFDFDB24F90}.PRIVATE_LICENCE|Any CPU.ActiveCfg = Debug|Any CPU
		{9CDB876E-18CD-4AA1-B98D-1AFDFDB24F90}.PRIVATE_LICENCE|Any CPU.Build.0 = Debug|Any CPU
		{9CDB876E-18CD-4AA1-B98D-1AFDFDB24F90}.PRIVATE_LICENCE|x64.ActiveCfg = Debug|Any CPU
		{9CDB876E-18CD-4AA1-B98D-1AFDFDB24F90}.PRIVATE_LICENCE|x64.Build.0 = Debug|Any CPU
		{9CDB876E-18CD-4AA1-B98D-1AFDFDB24F90}.Release|Any CPU.ActiveCfg = Release|Any CPU
		{9CDB876E-18CD-4AA1-B98D-1AFDFDB24F90}.Release|Any CPU.Build.0 = Release|Any CPU
		{9CDB876E-18CD-4AA1-B98D-1AFDFDB24F90}.Release|x64.ActiveCfg = Release|Any CPU
		{9CDB876E-18CD-4AA1-B98D-1AFDFDB24F90}.Release|x64.Build.0 = Release|Any CPU
		{25BB3EC7-CEAC-407C-AECF-8A7EB7086F02}.Client Debug|Any CPU.ActiveCfg = Debug|Any CPU
		{25BB3EC7-CEAC-407C-AECF-8A7EB7086F02}.Client Debug|Any CPU.Build.0 = Debug|Any CPU
		{25BB3EC7-CEAC-407C-AECF-8A7EB7086F02}.Client Debug|x64.ActiveCfg = Debug|Any CPU
		{25BB3EC7-CEAC-407C-AECF-8A7EB7086F02}.Client Debug|x64.Build.0 = Debug|Any CPU
		{25BB3EC7-CEAC-407C-AECF-8A7EB7086F02}.Debug|Any CPU.ActiveCfg = Debug|Any CPU
		{25BB3EC7-CEAC-407C-AECF-8A7EB7086F02}.Debug|Any CPU.Build.0 = Debug|Any CPU
		{25BB3EC7-CEAC-407C-AECF-8A7EB7086F02}.Debug|x64.ActiveCfg = Debug|Any CPU
		{25BB3EC7-CEAC-407C-AECF-8A7EB7086F02}.Debug|x64.Build.0 = Debug|Any CPU
		{25BB3EC7-CEAC-407C-AECF-8A7EB7086F02}.EasyTest|Any CPU.ActiveCfg = Debug|Any CPU
		{25BB3EC7-CEAC-407C-AECF-8A7EB7086F02}.EasyTest|Any CPU.Build.0 = Debug|Any CPU
		{25BB3EC7-CEAC-407C-AECF-8A7EB7086F02}.EasyTest|x64.ActiveCfg = Debug|Any CPU
		{25BB3EC7-CEAC-407C-AECF-8A7EB7086F02}.EasyTest|x64.Build.0 = Debug|Any CPU
		{25BB3EC7-CEAC-407C-AECF-8A7EB7086F02}.PRIVATE_LICENCE|Any CPU.ActiveCfg = Debug|Any CPU
		{25BB3EC7-CEAC-407C-AECF-8A7EB7086F02}.PRIVATE_LICENCE|Any CPU.Build.0 = Debug|Any CPU
		{25BB3EC7-CEAC-407C-AECF-8A7EB7086F02}.PRIVATE_LICENCE|x64.ActiveCfg = Debug|Any CPU
		{25BB3EC7-CEAC-407C-AECF-8A7EB7086F02}.PRIVATE_LICENCE|x64.Build.0 = Debug|Any CPU
		{25BB3EC7-CEAC-407C-AECF-8A7EB7086F02}.Release|Any CPU.ActiveCfg = Release|Any CPU
		{25BB3EC7-CEAC-407C-AECF-8A7EB7086F02}.Release|Any CPU.Build.0 = Release|Any CPU
		{25BB3EC7-CEAC-407C-AECF-8A7EB7086F02}.Release|x64.ActiveCfg = Release|Any CPU
		{25BB3EC7-CEAC-407C-AECF-8A7EB7086F02}.Release|x64.Build.0 = Release|Any CPU
		{AFFC422E-3E65-45F4-B4D1-DEB4B4A6BABF}.Client Debug|Any CPU.ActiveCfg = Debug|Any CPU
		{AFFC422E-3E65-45F4-B4D1-DEB4B4A6BABF}.Client Debug|Any CPU.Build.0 = Debug|Any CPU
		{AFFC422E-3E65-45F4-B4D1-DEB4B4A6BABF}.Client Debug|x64.ActiveCfg = Debug|Any CPU
		{AFFC422E-3E65-45F4-B4D1-DEB4B4A6BABF}.Client Debug|x64.Build.0 = Debug|Any CPU
		{AFFC422E-3E65-45F4-B4D1-DEB4B4A6BABF}.Debug|Any CPU.ActiveCfg = Debug|Any CPU
		{AFFC422E-3E65-45F4-B4D1-DEB4B4A6BABF}.Debug|Any CPU.Build.0 = Debug|Any CPU
		{AFFC422E-3E65-45F4-B4D1-DEB4B4A6BABF}.Debug|x64.ActiveCfg = Debug|Any CPU
		{AFFC422E-3E65-45F4-B4D1-DEB4B4A6BABF}.Debug|x64.Build.0 = Debug|Any CPU
		{AFFC422E-3E65-45F4-B4D1-DEB4B4A6BABF}.EasyTest|Any CPU.ActiveCfg = Debug|Any CPU
		{AFFC422E-3E65-45F4-B4D1-DEB4B4A6BABF}.EasyTest|Any CPU.Build.0 = Debug|Any CPU
		{AFFC422E-3E65-45F4-B4D1-DEB4B4A6BABF}.EasyTest|x64.ActiveCfg = Debug|Any CPU
		{AFFC422E-3E65-45F4-B4D1-DEB4B4A6BABF}.EasyTest|x64.Build.0 = Debug|Any CPU
		{AFFC422E-3E65-45F4-B4D1-DEB4B4A6BABF}.PRIVATE_LICENCE|Any CPU.ActiveCfg = Debug|Any CPU
		{AFFC422E-3E65-45F4-B4D1-DEB4B4A6BABF}.PRIVATE_LICENCE|Any CPU.Build.0 = Debug|Any CPU
		{AFFC422E-3E65-45F4-B4D1-DEB4B4A6BABF}.PRIVATE_LICENCE|x64.ActiveCfg = Debug|Any CPU
		{AFFC422E-3E65-45F4-B4D1-DEB4B4A6BABF}.PRIVATE_LICENCE|x64.Build.0 = Debug|Any CPU
		{AFFC422E-3E65-45F4-B4D1-DEB4B4A6BABF}.Release|Any CPU.ActiveCfg = Release|Any CPU
		{AFFC422E-3E65-45F4-B4D1-DEB4B4A6BABF}.Release|Any CPU.Build.0 = Release|Any CPU
		{AFFC422E-3E65-45F4-B4D1-DEB4B4A6BABF}.Release|x64.ActiveCfg = Release|Any CPU
		{AFFC422E-3E65-45F4-B4D1-DEB4B4A6BABF}.Release|x64.Build.0 = Release|Any CPU
	EndGlobalSection
	GlobalSection(SolutionProperties) = preSolution
		HideSolutionNode = FALSE
	EndGlobalSection
	GlobalSection(NestedProjects) = preSolution
		{0AE0CA15-02D1-4F4D-ABB7-7ADF8135A8F4} = {A7D414CD-ABC1-4EA4-BF71-672B43F84F9A}
		{FA365E0C-D223-406B-B423-D9464F882B04} = {A7D414CD-ABC1-4EA4-BF71-672B43F84F9A}
		{524C08E6-B9ED-42A6-9499-EB19A71B16E7} = {A7D414CD-ABC1-4EA4-BF71-672B43F84F9A}
		{EA9077C5-25F5-4CCD-9F78-31077389A368} = {0AE0CA15-02D1-4F4D-ABB7-7ADF8135A8F4}
		{8D0F75C0-D159-4709-8DF1-E587A1CB7709} = {A7D414CD-ABC1-4EA4-BF71-672B43F84F9A}
		{CC56C417-9705-4D6E-B460-2D42BFCC2357} = {A7D414CD-ABC1-4EA4-BF71-672B43F84F9A}
		{9C7EE0B9-54CD-4730-B987-985317E8699D} = {A7D414CD-ABC1-4EA4-BF71-672B43F84F9A}
		{52EB04A5-9D8F-4A8B-A1CD-86070707899F} = {A7D414CD-ABC1-4EA4-BF71-672B43F84F9A}
		{9CDB876E-18CD-4AA1-B98D-1AFDFDB24F90} = {0AE0CA15-02D1-4F4D-ABB7-7ADF8135A8F4}
		{25BB3EC7-CEAC-407C-AECF-8A7EB7086F02} = {0AE0CA15-02D1-4F4D-ABB7-7ADF8135A8F4}
		{AFFC422E-3E65-45F4-B4D1-DEB4B4A6BABF} = {0AE0CA15-02D1-4F4D-ABB7-7ADF8135A8F4}
	EndGlobalSection
	GlobalSection(ExtensibilityGlobals) = postSolution
		SolutionGuid = {7E44CFAD-E0F9-4B38-ACEC-DBD3B067DCDB}
	EndGlobalSection
EndGlobal
